
Microsoft Visual Studio Solution File, Format Version 12.00
# Visual Studio 2013
VisualStudioVersion = 12.0.30723.0
MinimumVisualStudioVersion = 10.0.40219.1
Project("{2150E333-8FDC-42A3-9474-1A3956D46DE8}") = "2-Application", "2-Application", "{9F22B00E-47B1-4351-9907-98D3CE7C04C8}"
EndProject
Project("{FAE04EC0-301F-11D3-BF4B-00C04F79EFBC}") = "CAF.WebSite.Application.Services", "CAF.WebSite.Application.Services\CAF.WebSite.Application.Services.csproj", "{83BAB22A-C88B-43E9-928B-5C3D5C5A738F}"
EndProject
Project("{FAE04EC0-301F-11D3-BF4B-00C04F79EFBC}") = "CAF.WebSite.Application.WebUI", "CAF.WebSite.Application.WebUI\CAF.WebSite.Application.WebUI.csproj", "{1BB4FB3D-B5C0-4E3F-B1B6-1638C0303D5C}"
EndProject
Project("{2150E333-8FDC-42A3-9474-1A3956D46DE8}") = "3-Infrastructure", "3-Infrastructure", "{3F806E93-F73E-4FD9-8091-FAE5C6540471}"
EndProject
Project("{2150E333-8FDC-42A3-9474-1A3956D46DE8}") = "7-Test", "7-Test", "{423357CF-6204-4C96-82C8-9186095EEE1E}"
EndProject
Project("{FAE04EC0-301F-11D3-BF4B-00C04F79EFBC}") = "CAF.WebSite.Test", "CAF.WebSite.Test\CAF.WebSite.Test.csproj", "{10E3BF1B-A3A3-4186-BA21-927495E759FA}"
EndProject
Project("{FAE04EC0-301F-11D3-BF4B-00C04F79EFBC}") = "CAF.WebSite.Mvc.Admin", "CAF.WebSite.Mvc\Administrator\CAF.WebSite.Mvc.Admin.csproj", "{07AA1921-7487-4C7A-B885-92C13AD42206}"
EndProject
Project("{FAE04EC0-301F-11D3-BF4B-00C04F79EFBC}") = "CAF.Mvc.JQuery.Datatables", "CAF.Mvc.JQuery.Datatables\CAF.Mvc.JQuery.Datatables.csproj", "{05680B71-88F6-425D-A8FE-0048C7F9EAD9}"
EndProject
Project("{2150E333-8FDC-42A3-9474-1A3956D46DE8}") = "8-doc", "8-doc", "{9094F8EB-1B9C-49B0-831C-D2FD6564DDF9}"
	ProjectSection(SolutionItems) = preProject
		doc\.NET模型验证组件FluentValidation.docx = doc\.NET模型验证组件FluentValidation.docx
		doc\AllArticles.sql = doc\AllArticles.sql
		doc\ArticleTagCountLoadAll.sql = doc\ArticleTagCountLoadAll.sql
		doc\GetSerialNo.sql = doc\GetSerialNo.sql
	EndProjectSection
EndProject
Project("{2150E333-8FDC-42A3-9474-1A3956D46DE8}") = "1-WebSite", "1-WebSite", "{203AD50E-CDEC-4189-A38A-64B758907D33}"
EndProject
Project("{2150E333-8FDC-42A3-9474-1A3956D46DE8}") = "4-Plugins", "4-Plugins", "{E20B6D59-EA3E-47A6-8515-D872510D8156}"
EndProject
Project("{FAE04EC0-301F-11D3-BF4B-00C04F79EFBC}") = "CAF.WebSite.Sms", "Plugins\CAF.WebSite.Sms\CAF.WebSite.Sms.csproj", "{E3362B5B-DA5A-4515-BCB0-0DF982F80E89}"
EndProject
Project("{FAE04EC0-301F-11D3-BF4B-00C04F79EFBC}") = "CAF.WebSite.DevTools", "Plugins\CAF.WebSite.DevTools\CAF.WebSite.DevTools.csproj", "{1C9F5153-88C1-4CFF-BCBD-940DE1DF1FF4}"
EndProject
Project("{2150E333-8FDC-42A3-9474-1A3956D46DE8}") = "DataBase", "DataBase", "{AF58A1A0-714D-43B8-B5A0-93335F4FCA7F}"
EndProject
Project("{FAE04EC0-301F-11D3-BF4B-00C04F79EFBC}") = "CAF.WebSite.CustomBanner", "Plugins\CAF.WebSite.CustomBanner\CAF.WebSite.CustomBanner.csproj", "{920B074A-37C1-4F6D-851F-D84BFD399258}"
EndProject
Project("{FAE04EC0-301F-11D3-BF4B-00C04F79EFBC}") = "CAF.WebSite.Mvc", "CAF.WebSite.Mvc\CAF.WebSite.Mvc.csproj", "{E6DB4A6A-5071-462C-9C5F-497384D44857}"
EndProject
Project("{FAE04EC0-301F-11D3-BF4B-00C04F79EFBC}") = "CAF.WebSite.AliPay", "Plugins\CAF.WebSite.AliPay\CAF.WebSite.AliPay.csproj", "{611E4AC2-CA21-5C81-6B4B-3ABA87B91A25}"
EndProject
Project("{2150E333-8FDC-42A3-9474-1A3956D46DE8}") = "5-Component", "5-Component", "{4235D60A-76DF-4A25-9325-45B0BB370A56}"
EndProject
Project("{FAE04EC0-301F-11D3-BF4B-00C04F79EFBC}") = "CaptchaMvc", "06-Component\CaptchaMvc\CaptchaMvc.csproj", "{3B9BA092-1054-4189-B3DF-A0D32756317A}"
EndProject
Project("{FAE04EC0-301F-11D3-BF4B-00C04F79EFBC}") = "CAF.WebSite.QQAuth", "Plugins\CAF.WebSite.QQAuth\CAF.WebSite.QQAuth.csproj", "{A1608C42-9259-4E9F-B1E9-5F6E95CE6045}"
EndProject
Project("{FAE04EC0-301F-11D3-BF4B-00C04F79EFBC}") = "CAF.Infrastructure.Core", "04-Infrastructure\CAF.Infrastructure.Core\CAF.Infrastructure.Core.csproj", "{B71AA2BA-2059-4165-9512-FE3B46EE10DC}"
EndProject
Project("{FAE04EC0-301F-11D3-BF4B-00C04F79EFBC}") = "CAF.Infrastructure.Data", "04-Infrastructure\CAF.Infrastructure.Data\CAF.Infrastructure.Data.csproj", "{069B9059-B9C7-49F1-9844-F93E01DA6EE3}"
EndProject
Project("{FAE04EC0-301F-11D3-BF4B-00C04F79EFBC}") = "CAF.Infrastructure.Search", "04-Infrastructure\CAF.Infrastructure.Search\CAF.Infrastructure.Search.csproj", "{844EA04D-CCD3-4843-BF21-FCD63A071C7F}"
EndProject
Global
	GlobalSection(SubversionScc) = preSolution
		Svn-Managed = True
		Manager = AnkhSVN - Subversion Support for Visual Studio
	EndGlobalSection
	GlobalSection(SolutionConfigurationPlatforms) = preSolution
		Debug|Any CPU = Debug|Any CPU
		EFMigrations|Any CPU = EFMigrations|Any CPU
		PluginDev|Any CPU = PluginDev|Any CPU
		Release|Any CPU = Release|Any CPU
	EndGlobalSection
	GlobalSection(ProjectConfigurationPlatforms) = postSolution
		{83BAB22A-C88B-43E9-928B-5C3D5C5A738F}.Debug|Any CPU.ActiveCfg = Debug|Any CPU
		{83BAB22A-C88B-43E9-928B-5C3D5C5A738F}.Debug|Any CPU.Build.0 = Debug|Any CPU
		{83BAB22A-C88B-43E9-928B-5C3D5C5A738F}.EFMigrations|Any CPU.ActiveCfg = Release|Any CPU
		{83BAB22A-C88B-43E9-928B-5C3D5C5A738F}.EFMigrations|Any CPU.Build.0 = Release|Any CPU
		{83BAB22A-C88B-43E9-928B-5C3D5C5A738F}.PluginDev|Any CPU.ActiveCfg = Release|Any CPU
		{83BAB22A-C88B-43E9-928B-5C3D5C5A738F}.PluginDev|Any CPU.Build.0 = Release|Any CPU
		{83BAB22A-C88B-43E9-928B-5C3D5C5A738F}.Release|Any CPU.ActiveCfg = Release|Any CPU
		{83BAB22A-C88B-43E9-928B-5C3D5C5A738F}.Release|Any CPU.Build.0 = Release|Any CPU
		{1BB4FB3D-B5C0-4E3F-B1B6-1638C0303D5C}.Debug|Any CPU.ActiveCfg = Debug|Any CPU
		{1BB4FB3D-B5C0-4E3F-B1B6-1638C0303D5C}.Debug|Any CPU.Build.0 = Debug|Any CPU
		{1BB4FB3D-B5C0-4E3F-B1B6-1638C0303D5C}.EFMigrations|Any CPU.ActiveCfg = Release|Any CPU
		{1BB4FB3D-B5C0-4E3F-B1B6-1638C0303D5C}.EFMigrations|Any CPU.Build.0 = Release|Any CPU
		{1BB4FB3D-B5C0-4E3F-B1B6-1638C0303D5C}.PluginDev|Any CPU.ActiveCfg = Release|Any CPU
		{1BB4FB3D-B5C0-4E3F-B1B6-1638C0303D5C}.PluginDev|Any CPU.Build.0 = Release|Any CPU
		{1BB4FB3D-B5C0-4E3F-B1B6-1638C0303D5C}.Release|Any CPU.ActiveCfg = Release|Any CPU
		{1BB4FB3D-B5C0-4E3F-B1B6-1638C0303D5C}.Release|Any CPU.Build.0 = Release|Any CPU
		{10E3BF1B-A3A3-4186-BA21-927495E759FA}.Debug|Any CPU.ActiveCfg = Debug|Any CPU
		{10E3BF1B-A3A3-4186-BA21-927495E759FA}.Debug|Any CPU.Build.0 = Debug|Any CPU
		{10E3BF1B-A3A3-4186-BA21-927495E759FA}.EFMigrations|Any CPU.ActiveCfg = Release|Any CPU
		{10E3BF1B-A3A3-4186-BA21-927495E759FA}.EFMigrations|Any CPU.Build.0 = Release|Any CPU
		{10E3BF1B-A3A3-4186-BA21-927495E759FA}.PluginDev|Any CPU.ActiveCfg = Release|Any CPU
		{10E3BF1B-A3A3-4186-BA21-927495E759FA}.PluginDev|Any CPU.Build.0 = Release|Any CPU
		{10E3BF1B-A3A3-4186-BA21-927495E759FA}.Release|Any CPU.ActiveCfg = Release|Any CPU
		{10E3BF1B-A3A3-4186-BA21-927495E759FA}.Release|Any CPU.Build.0 = Release|Any CPU
		{07AA1921-7487-4C7A-B885-92C13AD42206}.Debug|Any CPU.ActiveCfg = Debug|Any CPU
		{07AA1921-7487-4C7A-B885-92C13AD42206}.Debug|Any CPU.Build.0 = Debug|Any CPU
		{07AA1921-7487-4C7A-B885-92C13AD42206}.EFMigrations|Any CPU.ActiveCfg = Release|Any CPU
		{07AA1921-7487-4C7A-B885-92C13AD42206}.EFMigrations|Any CPU.Build.0 = Release|Any CPU
		{07AA1921-7487-4C7A-B885-92C13AD42206}.PluginDev|Any CPU.ActiveCfg = Release|Any CPU
		{07AA1921-7487-4C7A-B885-92C13AD42206}.PluginDev|Any CPU.Build.0 = Release|Any CPU
		{07AA1921-7487-4C7A-B885-92C13AD42206}.Release|Any CPU.ActiveCfg = Release|Any CPU
		{07AA1921-7487-4C7A-B885-92C13AD42206}.Release|Any CPU.Build.0 = Release|Any CPU
		{05680B71-88F6-425D-A8FE-0048C7F9EAD9}.Debug|Any CPU.ActiveCfg = Debug|Any CPU
		{05680B71-88F6-425D-A8FE-0048C7F9EAD9}.Debug|Any CPU.Build.0 = Debug|Any CPU
		{05680B71-88F6-425D-A8FE-0048C7F9EAD9}.EFMigrations|Any CPU.ActiveCfg = Release|Any CPU
		{05680B71-88F6-425D-A8FE-0048C7F9EAD9}.EFMigrations|Any CPU.Build.0 = Release|Any CPU
		{05680B71-88F6-425D-A8FE-0048C7F9EAD9}.PluginDev|Any CPU.ActiveCfg = Release|Any CPU
		{05680B71-88F6-425D-A8FE-0048C7F9EAD9}.PluginDev|Any CPU.Build.0 = Release|Any CPU
		{05680B71-88F6-425D-A8FE-0048C7F9EAD9}.Release|Any CPU.ActiveCfg = Release|Any CPU
		{05680B71-88F6-425D-A8FE-0048C7F9EAD9}.Release|Any CPU.Build.0 = Release|Any CPU
		{E3362B5B-DA5A-4515-BCB0-0DF982F80E89}.Debug|Any CPU.ActiveCfg = Debug|Any CPU
		{E3362B5B-DA5A-4515-BCB0-0DF982F80E89}.Debug|Any CPU.Build.0 = Debug|Any CPU
		{E3362B5B-DA5A-4515-BCB0-0DF982F80E89}.EFMigrations|Any CPU.ActiveCfg = EFMigrations|Any CPU
		{E3362B5B-DA5A-4515-BCB0-0DF982F80E89}.EFMigrations|Any CPU.Build.0 = EFMigrations|Any CPU
		{E3362B5B-DA5A-4515-BCB0-0DF982F80E89}.PluginDev|Any CPU.ActiveCfg = PluginDev|Any CPU
		{E3362B5B-DA5A-4515-BCB0-0DF982F80E89}.PluginDev|Any CPU.Build.0 = PluginDev|Any CPU
		{E3362B5B-DA5A-4515-BCB0-0DF982F80E89}.Release|Any CPU.ActiveCfg = Release|Any CPU
		{E3362B5B-DA5A-4515-BCB0-0DF982F80E89}.Release|Any CPU.Build.0 = Release|Any CPU
		{1C9F5153-88C1-4CFF-BCBD-940DE1DF1FF4}.Debug|Any CPU.ActiveCfg = Debug|Any CPU
		{1C9F5153-88C1-4CFF-BCBD-940DE1DF1FF4}.Debug|Any CPU.Build.0 = Debug|Any CPU
		{1C9F5153-88C1-4CFF-BCBD-940DE1DF1FF4}.EFMigrations|Any CPU.ActiveCfg = EFMigrations|Any CPU
		{1C9F5153-88C1-4CFF-BCBD-940DE1DF1FF4}.EFMigrations|Any CPU.Build.0 = EFMigrations|Any CPU
		{1C9F5153-88C1-4CFF-BCBD-940DE1DF1FF4}.PluginDev|Any CPU.ActiveCfg = PluginDev|Any CPU
		{1C9F5153-88C1-4CFF-BCBD-940DE1DF1FF4}.PluginDev|Any CPU.Build.0 = PluginDev|Any CPU
		{1C9F5153-88C1-4CFF-BCBD-940DE1DF1FF4}.Release|Any CPU.ActiveCfg = Release|Any CPU
		{1C9F5153-88C1-4CFF-BCBD-940DE1DF1FF4}.Release|Any CPU.Build.0 = Release|Any CPU
		{920B074A-37C1-4F6D-851F-D84BFD399258}.Debug|Any CPU.ActiveCfg = Debug|Any CPU
		{920B074A-37C1-4F6D-851F-D84BFD399258}.Debug|Any CPU.Build.0 = Debug|Any CPU
		{920B074A-37C1-4F6D-851F-D84BFD399258}.EFMigrations|Any CPU.ActiveCfg = EFMigrations|Any CPU
		{920B074A-37C1-4F6D-851F-D84BFD399258}.EFMigrations|Any CPU.Build.0 = EFMigrations|Any CPU
		{920B074A-37C1-4F6D-851F-D84BFD399258}.PluginDev|Any CPU.ActiveCfg = PluginDev|Any CPU
		{920B074A-37C1-4F6D-851F-D84BFD399258}.PluginDev|Any CPU.Build.0 = PluginDev|Any CPU
		{920B074A-37C1-4F6D-851F-D84BFD399258}.Release|Any CPU.ActiveCfg = Release|Any CPU
		{920B074A-37C1-4F6D-851F-D84BFD399258}.Release|Any CPU.Build.0 = Release|Any CPU
		{E6DB4A6A-5071-462C-9C5F-497384D44857}.Debug|Any CPU.ActiveCfg = Debug|Any CPU
		{E6DB4A6A-5071-462C-9C5F-497384D44857}.Debug|Any CPU.Build.0 = Debug|Any CPU
		{E6DB4A6A-5071-462C-9C5F-497384D44857}.EFMigrations|Any CPU.ActiveCfg = Release|Any CPU
		{E6DB4A6A-5071-462C-9C5F-497384D44857}.EFMigrations|Any CPU.Build.0 = Release|Any CPU
		{E6DB4A6A-5071-462C-9C5F-497384D44857}.PluginDev|Any CPU.ActiveCfg = Release|Any CPU
		{E6DB4A6A-5071-462C-9C5F-497384D44857}.PluginDev|Any CPU.Build.0 = Release|Any CPU
		{E6DB4A6A-5071-462C-9C5F-497384D44857}.Release|Any CPU.ActiveCfg = Release|Any CPU
		{E6DB4A6A-5071-462C-9C5F-497384D44857}.Release|Any CPU.Build.0 = Release|Any CPU
		{611E4AC2-CA21-5C81-6B4B-3ABA87B91A25}.Debug|Any CPU.ActiveCfg = Debug|Any CPU
		{611E4AC2-CA21-5C81-6B4B-3ABA87B91A25}.Debug|Any CPU.Build.0 = Debug|Any CPU
		{611E4AC2-CA21-5C81-6B4B-3ABA87B91A25}.EFMigrations|Any CPU.ActiveCfg = EFMigrations|Any CPU
		{611E4AC2-CA21-5C81-6B4B-3ABA87B91A25}.EFMigrations|Any CPU.Build.0 = EFMigrations|Any CPU
		{611E4AC2-CA21-5C81-6B4B-3ABA87B91A25}.PluginDev|Any CPU.ActiveCfg = PluginDev|Any CPU
		{611E4AC2-CA21-5C81-6B4B-3ABA87B91A25}.PluginDev|Any CPU.Build.0 = PluginDev|Any CPU
		{611E4AC2-CA21-5C81-6B4B-3ABA87B91A25}.Release|Any CPU.ActiveCfg = Release|Any CPU
		{611E4AC2-CA21-5C81-6B4B-3ABA87B91A25}.Release|Any CPU.Build.0 = Release|Any CPU
		{3B9BA092-1054-4189-B3DF-A0D32756317A}.Debug|Any CPU.ActiveCfg = Debug|Any CPU
		{3B9BA092-1054-4189-B3DF-A0D32756317A}.Debug|Any CPU.Build.0 = Debug|Any CPU
		{3B9BA092-1054-4189-B3DF-A0D32756317A}.EFMigrations|Any CPU.ActiveCfg = Release|Any CPU
		{3B9BA092-1054-4189-B3DF-A0D32756317A}.EFMigrations|Any CPU.Build.0 = Release|Any CPU
		{3B9BA092-1054-4189-B3DF-A0D32756317A}.PluginDev|Any CPU.ActiveCfg = Release|Any CPU
		{3B9BA092-1054-4189-B3DF-A0D32756317A}.PluginDev|Any CPU.Build.0 = Release|Any CPU
		{3B9BA092-1054-4189-B3DF-A0D32756317A}.Release|Any CPU.ActiveCfg = Release|Any CPU
		{3B9BA092-1054-4189-B3DF-A0D32756317A}.Release|Any CPU.Build.0 = Release|Any CPU
		{A1608C42-9259-4E9F-B1E9-5F6E95CE6045}.Debug|Any CPU.ActiveCfg = Debug|Any CPU
		{A1608C42-9259-4E9F-B1E9-5F6E95CE6045}.Debug|Any CPU.Build.0 = Debug|Any CPU
		{A1608C42-9259-4E9F-B1E9-5F6E95CE6045}.EFMigrations|Any CPU.ActiveCfg = EFMigrations|Any CPU
		{A1608C42-9259-4E9F-B1E9-5F6E95CE6045}.EFMigrations|Any CPU.Build.0 = EFMigrations|Any CPU
		{A1608C42-9259-4E9F-B1E9-5F6E95CE6045}.PluginDev|Any CPU.ActiveCfg = PluginDev|Any CPU
		{A1608C42-9259-4E9F-B1E9-5F6E95CE6045}.PluginDev|Any CPU.Build.0 = PluginDev|Any CPU
		{A1608C42-9259-4E9F-B1E9-5F6E95CE6045}.Release|Any CPU.ActiveCfg = Release|Any CPU
		{A1608C42-9259-4E9F-B1E9-5F6E95CE6045}.Release|Any CPU.Build.0 = Release|Any CPU
		{B71AA2BA-2059-4165-9512-FE3B46EE10DC}.Debug|Any CPU.ActiveCfg = Debug|Any CPU
		{B71AA2BA-2059-4165-9512-FE3B46EE10DC}.Debug|Any CPU.Build.0 = Debug|Any CPU
		{B71AA2BA-2059-4165-9512-FE3B46EE10DC}.EFMigrations|Any CPU.ActiveCfg = Release|Any CPU
		{B71AA2BA-2059-4165-9512-FE3B46EE10DC}.EFMigrations|Any CPU.Build.0 = Release|Any CPU
		{B71AA2BA-2059-4165-9512-FE3B46EE10DC}.PluginDev|Any CPU.ActiveCfg = Release|Any CPU
		{B71AA2BA-2059-4165-9512-FE3B46EE10DC}.PluginDev|Any CPU.Build.0 = Release|Any CPU
		{B71AA2BA-2059-4165-9512-FE3B46EE10DC}.Release|Any CPU.ActiveCfg = Release|Any CPU
		{B71AA2BA-2059-4165-9512-FE3B46EE10DC}.Release|Any CPU.Build.0 = Release|Any CPU
		{069B9059-B9C7-49F1-9844-F93E01DA6EE3}.Debug|Any CPU.ActiveCfg = Debug|Any CPU
		{069B9059-B9C7-49F1-9844-F93E01DA6EE3}.Debug|Any CPU.Build.0 = Debug|Any CPU
		{069B9059-B9C7-49F1-9844-F93E01DA6EE3}.EFMigrations|Any CPU.ActiveCfg = Release|Any CPU
		{069B9059-B9C7-49F1-9844-F93E01DA6EE3}.EFMigrations|Any CPU.Build.0 = Release|Any CPU
		{069B9059-B9C7-49F1-9844-F93E01DA6EE3}.PluginDev|Any CPU.ActiveCfg = Release|Any CPU
		{069B9059-B9C7-49F1-9844-F93E01DA6EE3}.PluginDev|Any CPU.Build.0 = Release|Any CPU
		{069B9059-B9C7-49F1-9844-F93E01DA6EE3}.Release|Any CPU.ActiveCfg = Release|Any CPU
		{069B9059-B9C7-49F1-9844-F93E01DA6EE3}.Release|Any CPU.Build.0 = Release|Any CPU
		{844EA04D-CCD3-4843-BF21-FCD63A071C7F}.Debug|Any CPU.ActiveCfg = Debug|Any CPU
		{844EA04D-CCD3-4843-BF21-FCD63A071C7F}.Debug|Any CPU.Build.0 = Debug|Any CPU
		{844EA04D-CCD3-4843-BF21-FCD63A071C7F}.EFMigrations|Any CPU.ActiveCfg = Release|Any CPU
		{844EA04D-CCD3-4843-BF21-FCD63A071C7F}.EFMigrations|Any CPU.Build.0 = Release|Any CPU
		{844EA04D-CCD3-4843-BF21-FCD63A071C7F}.PluginDev|Any CPU.ActiveCfg = Release|Any CPU
		{844EA04D-CCD3-4843-BF21-FCD63A071C7F}.PluginDev|Any CPU.Build.0 = Release|Any CPU
		{844EA04D-CCD3-4843-BF21-FCD63A071C7F}.Release|Any CPU.ActiveCfg = Release|Any CPU
		{844EA04D-CCD3-4843-BF21-FCD63A071C7F}.Release|Any CPU.Build.0 = Release|Any CPU
	EndGlobalSection
	GlobalSection(SolutionProperties) = preSolution
		HideSolutionNode = FALSE
	EndGlobalSection
	GlobalSection(NestedProjects) = preSolution
		{83BAB22A-C88B-43E9-928B-5C3D5C5A738F} = {9F22B00E-47B1-4351-9907-98D3CE7C04C8}
		{1BB4FB3D-B5C0-4E3F-B1B6-1638C0303D5C} = {9F22B00E-47B1-4351-9907-98D3CE7C04C8}
		{10E3BF1B-A3A3-4186-BA21-927495E759FA} = {423357CF-6204-4C96-82C8-9186095EEE1E}
		{07AA1921-7487-4C7A-B885-92C13AD42206} = {203AD50E-CDEC-4189-A38A-64B758907D33}
		{05680B71-88F6-425D-A8FE-0048C7F9EAD9} = {4235D60A-76DF-4A25-9325-45B0BB370A56}
		{E3362B5B-DA5A-4515-BCB0-0DF982F80E89} = {E20B6D59-EA3E-47A6-8515-D872510D8156}
		{1C9F5153-88C1-4CFF-BCBD-940DE1DF1FF4} = {E20B6D59-EA3E-47A6-8515-D872510D8156}
		{AF58A1A0-714D-43B8-B5A0-93335F4FCA7F} = {423357CF-6204-4C96-82C8-9186095EEE1E}
		{920B074A-37C1-4F6D-851F-D84BFD399258} = {E20B6D59-EA3E-47A6-8515-D872510D8156}
		{E6DB4A6A-5071-462C-9C5F-497384D44857} = {203AD50E-CDEC-4189-A38A-64B758907D33}
		{611E4AC2-CA21-5C81-6B4B-3ABA87B91A25} = {E20B6D59-EA3E-47A6-8515-D872510D8156}
		{3B9BA092-1054-4189-B3DF-A0D32756317A} = {4235D60A-76DF-4A25-9325-45B0BB370A56}
		{A1608C42-9259-4E9F-B1E9-5F6E95CE6045} = {E20B6D59-EA3E-47A6-8515-D872510D8156}
		{B71AA2BA-2059-4165-9512-FE3B46EE10DC} = {3F806E93-F73E-4FD9-8091-FAE5C6540471}
		{069B9059-B9C7-49F1-9844-F93E01DA6EE3} = {3F806E93-F73E-4FD9-8091-FAE5C6540471}
		{844EA04D-CCD3-4843-BF21-FCD63A071C7F} = {3F806E93-F73E-4FD9-8091-FAE5C6540471}
	EndGlobalSection
	GlobalSection(ExtensibilityGlobals) = postSolution
		VisualSVNWorkingCopyRoot = .
	EndGlobalSection
EndGlobal
